// !$*UTF8*$!
{
	archiveVersion = 1;
	classes = {
	};
	objectVersion = 52;
	objects = {

/* Begin PBXBuildFile section */
		BEF9C15326D7B392008E2335 /* AppDelegate.swift in Sources */ = {isa = PBXBuildFile; fileRef = BEF9C15226D7B392008E2335 /* AppDelegate.swift */; };
		BEF9C15526D7B392008E2335 /* SceneDelegate.swift in Sources */ = {isa = PBXBuildFile; fileRef = BEF9C15426D7B392008E2335 /* SceneDelegate.swift */; };
		BEF9C15726D7B392008E2335 /* GetNewsViewController.swift in Sources */ = {isa = PBXBuildFile; fileRef = BEF9C15626D7B392008E2335 /* GetNewsViewController.swift */; };
		BEF9C15A26D7B392008E2335 /* Main.storyboard in Resources */ = {isa = PBXBuildFile; fileRef = BEF9C15826D7B392008E2335 /* Main.storyboard */; };
		BEF9C15D26D7B392008E2335 /* MyNewsAppi.xcdatamodeld in Sources */ = {isa = PBXBuildFile; fileRef = BEF9C15B26D7B392008E2335 /* MyNewsAppi.xcdatamodeld */; };
		BEF9C15F26D7B396008E2335 /* Assets.xcassets in Resources */ = {isa = PBXBuildFile; fileRef = BEF9C15E26D7B396008E2335 /* Assets.xcassets */; };
		BEF9C16226D7B396008E2335 /* LaunchScreen.storyboard in Resources */ = {isa = PBXBuildFile; fileRef = BEF9C16026D7B396008E2335 /* LaunchScreen.storyboard */; };
		BEF9C17126D7B50B008E2335 /* Gloss in Frameworks */ = {isa = PBXBuildFile; productRef = BEF9C17026D7B50B008E2335 /* Gloss */; };
		BEF9C17326D7C54F008E2335 /* Alert.swift in Sources */ = {isa = PBXBuildFile; fileRef = BEF9C17226D7C54F008E2335 /* Alert.swift */; };
		BEF9C19826D93AAE008E2335 /* NewsTableViewCell.swift in Sources */ = {isa = PBXBuildFile; fileRef = BEF9C19726D93AAE008E2335 /* NewsTableViewCell.swift */; };
		BEF9C19A26D95800008E2335 /* HaveNewsViewController.swift in Sources */ = {isa = PBXBuildFile; fileRef = BEF9C19926D95800008E2335 /* HaveNewsViewController.swift */; };
/* End PBXBuildFile section */

/* Begin PBXFileReference section */
		BEF9C14F26D7B392008E2335 /* MyNewsAppi.app */ = {isa = PBXFileReference; explicitFileType = wrapper.application; includeInIndex = 0; path = MyNewsAppi.app; sourceTree = BUILT_PRODUCTS_DIR; };
		BEF9C15226D7B392008E2335 /* AppDelegate.swift */ = {isa = PBXFileReference; lastKnownFileType = sourcecode.swift; path = AppDelegate.swift; sourceTree = "<group>"; };
		BEF9C15426D7B392008E2335 /* SceneDelegate.swift */ = {isa = PBXFileReference; lastKnownFileType = sourcecode.swift; path = SceneDelegate.swift; sourceTree = "<group>"; };
		BEF9C15626D7B392008E2335 /* GetNewsViewController.swift */ = {isa = PBXFileReference; lastKnownFileType = sourcecode.swift; path = GetNewsViewController.swift; sourceTree = "<group>"; };
		BEF9C15926D7B392008E2335 /* Base */ = {isa = PBXFileReference; lastKnownFileType = file.storyboard; name = Base; path = Base.lproj/Main.storyboard; sourceTree = "<group>"; };
		BEF9C15C26D7B392008E2335 /* MyNewsAppi.xcdatamodel */ = {isa = PBXFileReference; lastKnownFileType = wrapper.xcdatamodel; path = MyNewsAppi.xcdatamodel; sourceTree = "<group>"; };
		BEF9C15E26D7B396008E2335 /* Assets.xcassets */ = {isa = PBXFileReference; lastKnownFileType = folder.assetcatalog; path = Assets.xcassets; sourceTree = "<group>"; };
		BEF9C16126D7B396008E2335 /* Base */ = {isa = PBXFileReference; lastKnownFileType = file.storyboard; name = Base; path = Base.lproj/LaunchScreen.storyboard; sourceTree = "<group>"; };
		BEF9C16326D7B396008E2335 /* Info.plist */ = {isa = PBXFileReference; lastKnownFileType = text.plist.xml; path = Info.plist; sourceTree = "<group>"; };
		BEF9C17226D7C54F008E2335 /* Alert.swift */ = {isa = PBXFileReference; lastKnownFileType = sourcecode.swift; path = Alert.swift; sourceTree = "<group>"; };
		BEF9C19726D93AAE008E2335 /* NewsTableViewCell.swift */ = {isa = PBXFileReference; lastKnownFileType = sourcecode.swift; path = NewsTableViewCell.swift; sourceTree = "<group>"; };
		BEF9C19926D95800008E2335 /* HaveNewsViewController.swift */ = {isa = PBXFileReference; lastKnownFileType = sourcecode.swift; path = HaveNewsViewController.swift; sourceTree = "<group>"; };
/* End PBXFileReference section */

/* Begin PBXFrameworksBuildPhase section */
		BEF9C14C26D7B392008E2335 /* Frameworks */ = {
			isa = PBXFrameworksBuildPhase;
			buildActionMask = 2147483647;
			files = (
				BEF9C17126D7B50B008E2335 /* Gloss in Frameworks */,
			);
			runOnlyForDeploymentPostprocessing = 0;
		};
/* End PBXFrameworksBuildPhase section */

/* Begin PBXGroup section */
		BEF9C14626D7B392008E2335 = {
			isa = PBXGroup;
			children = (
				BEF9C15126D7B392008E2335 /* MyNewsAppi */,
				BEF9C15026D7B392008E2335 /* Products */,
			);
			sourceTree = "<group>";
		};
		BEF9C15026D7B392008E2335 /* Products */ = {
			isa = PBXGroup;
			children = (
				BEF9C14F26D7B392008E2335 /* MyNewsAppi.app */,
			);
			name = Products;
			sourceTree = "<group>";
		};
		BEF9C15126D7B392008E2335 /* MyNewsAppi */ = {
			isa = PBXGroup;
			children = (
				BEF9C16E26D7B421008E2335 /* Extension */,
				BEF9C16926D7B3A1008E2335 /* AppDelegate */,
				BEF9C16C26D7B3DA008E2335 /* Model */,
				BEF9C16B26D7B3BC008E2335 /* View */,
				BEF9C16A26D7B3AC008E2335 /* Controller */,
				BEF9C15E26D7B396008E2335 /* Assets.xcassets */,
				BEF9C16326D7B396008E2335 /* Info.plist */,
				BEF9C15B26D7B392008E2335 /* MyNewsAppi.xcdatamodeld */,
			);
			path = MyNewsAppi;
			sourceTree = "<group>";
		};
		BEF9C16926D7B3A1008E2335 /* AppDelegate */ = {
			isa = PBXGroup;
			children = (
				BEF9C15226D7B392008E2335 /* AppDelegate.swift */,
				BEF9C15426D7B392008E2335 /* SceneDelegate.swift */,
			);
			path = AppDelegate;
			sourceTree = "<group>";
		};
		BEF9C16A26D7B3AC008E2335 /* Controller */ = {
			isa = PBXGroup;
			children = (
				BEF9C19926D95800008E2335 /* HaveNewsViewController.swift */,
				BEF9C15626D7B392008E2335 /* GetNewsViewController.swift */,
				BEF9C19726D93AAE008E2335 /* NewsTableViewCell.swift */,
			);
			path = Controller;
			sourceTree = "<group>";
		};
		BEF9C16B26D7B3BC008E2335 /* View */ = {
			isa = PBXGroup;
			children = (
				BEF9C15826D7B392008E2335 /* Main.storyboard */,
				BEF9C16026D7B396008E2335 /* LaunchScreen.storyboard */,
			);
			path = View;
			sourceTree = "<group>";
		};
		BEF9C16C26D7B3DA008E2335 /* Model */ = {
			isa = PBXGroup;
			children = (
			);
			path = Model;
			sourceTree = "<group>";
		};
		BEF9C16E26D7B421008E2335 /* Extension */ = {
			isa = PBXGroup;
			children = (
				BEF9C17226D7C54F008E2335 /* Alert.swift */,
			);
			path = Extension;
			sourceTree = "<group>";
		};
/* End PBXGroup section */

/* Begin PBXNativeTarget section */
		BEF9C14E26D7B392008E2335 /* MyNewsAppi */ = {
			isa = PBXNativeTarget;
			buildConfigurationList = BEF9C16626D7B396008E2335 /* Build configuration list for PBXNativeTarget "MyNewsAppi" */;
			buildPhases = (
				BEF9C14B26D7B392008E2335 /* Sources */,
				BEF9C14C26D7B392008E2335 /* Frameworks */,
				BEF9C14D26D7B392008E2335 /* Resources */,
			);
			buildRules = (
			);
			dependencies = (
			);
			name = MyNewsAppi;
			packageProductDependencies = (
				BEF9C17026D7B50B008E2335 /* Gloss */,
			);
			productName = MyNewsAppi;
			productReference = BEF9C14F26D7B392008E2335 /* MyNewsAppi.app */;
			productType = "com.apple.product-type.application";
		};
/* End PBXNativeTarget section */

/* Begin PBXProject section */
		BEF9C14726D7B392008E2335 /* Project object */ = {
			isa = PBXProject;
			attributes = {
				LastSwiftUpdateCheck = 1250;
				LastUpgradeCheck = 1250;
				TargetAttributes = {
					BEF9C14E26D7B392008E2335 = {
						CreatedOnToolsVersion = 12.5.1;
					};
				};
			};
			buildConfigurationList = BEF9C14A26D7B392008E2335 /* Build configuration list for PBXProject "MyNewsAppi" */;
			compatibilityVersion = "Xcode 9.3";
			developmentRegion = en;
			hasScannedForEncodings = 0;
			knownRegions = (
				en,
				Base,
			);
			mainGroup = BEF9C14626D7B392008E2335;
			packageReferences = (
				BEF9C16F26D7B50B008E2335 /* XCRemoteSwiftPackageReference "Gloss" */,
			);
			productRefGroup = BEF9C15026D7B392008E2335 /* Products */;
			projectDirPath = "";
			projectRoot = "";
			targets = (
				BEF9C14E26D7B392008E2335 /* MyNewsAppi */,
			);
		};
/* End PBXProject section */

/* Begin PBXResourcesBuildPhase section */
		BEF9C14D26D7B392008E2335 /* Resources */ = {
			isa = PBXResourcesBuildPhase;
			buildActionMask = 2147483647;
			files = (
				BEF9C16226D7B396008E2335 /* LaunchScreen.storyboard in Resources */,
				BEF9C15F26D7B396008E2335 /* Assets.xcassets in Resources */,
				BEF9C15A26D7B392008E2335 /* Main.storyboard in Resources */,
			);
			runOnlyForDeploymentPostprocessing = 0;
		};
/* End PBXResourcesBuildPhase section */

/* Begin PBXSourcesBuildPhase section */
		BEF9C14B26D7B392008E2335 /* Sources */ = {
			isa = PBXSourcesBuildPhase;
			buildActionMask = 2147483647;
			files = (
				BEF9C15D26D7B392008E2335 /* MyNewsAppi.xcdatamodeld in Sources */,
				BEF9C15726D7B392008E2335 /* GetNewsViewController.swift in Sources */,
				BEF9C19826D93AAE008E2335 /* NewsTableViewCell.swift in Sources */,
				BEF9C19A26D95800008E2335 /* HaveNewsViewController.swift in Sources */,
				BEF9C15326D7B392008E2335 /* AppDelegate.swift in Sources */,
				BEF9C17326D7C54F008E2335 /* Alert.swift in Sources */,
				BEF9C15526D7B392008E2335 /* SceneDelegate.swift in Sources */,
			);
			runOnlyForDeploymentPostprocessing = 0;
		};
/* End PBXSourcesBuildPhase section */

/* Begin PBXVariantGroup section */
		BEF9C15826D7B392008E2335 /* Main.storyboard */ = {
			isa = PBXVariantGroup;
			children = (
				BEF9C15926D7B392008E2335 /* Base */,
			);
			name = Main.storyboard;
			sourceTree = "<group>";
		};
		BEF9C16026D7B396008E2335 /* LaunchScreen.storyboard */ = {
			isa = PBXVariantGroup;
			children = (
				BEF9C16126D7B396008E2335 /* Base */,
			);
			name = LaunchScreen.storyboard;
			sourceTree = "<group>";
		};
/* End PBXVariantGroup section */

/* Begin XCBuildConfiguration section */
		BEF9C16426D7B396008E2335 /* Debug */ = {
			isa = XCBuildConfiguration;
			buildSettings = {
				ALWAYS_SEARCH_USER_PATHS = NO;
				CLANG_ANALYZER_NONNULL = YES;
				CLANG_ANALYZER_NUMBER_OBJECT_CONVERSION = YES_AGGRESSIVE;
				CLANG_CXX_LANGUAGE_STANDARD = "gnu++14";
				CLANG_CXX_LIBRARY = "libc++";
				CLANG_ENABLE_MODULES = YES;
				CLANG_ENABLE_OBJC_ARC = YES;
				CLANG_ENABLE_OBJC_WEAK = YES;
				CLANG_WARN_BLOCK_CAPTURE_AUTORELEASING = YES;
				CLANG_WARN_BOOL_CONVERSION = YES;
				CLANG_WARN_COMMA = YES;
				CLANG_WARN_CONSTANT_CONVERSION = YES;
				CLANG_WARN_DEPRECATED_OBJC_IMPLEMENTATIONS = YES;
				CLANG_WARN_DIRECT_OBJC_ISA_USAGE = YES_ERROR;
				CLANG_WARN_DOCUMENTATION_COMMENTS = YES;
				CLANG_WARN_EMPTY_BODY = YES;
				CLANG_WARN_ENUM_CONVERSION = YES;
				CLANG_WARN_INFINITE_RECURSION = YES;
				CLANG_WARN_INT_CONVERSION = YES;
				CLANG_WARN_NON_LITERAL_NULL_CONVERSION = YES;
				CLANG_WARN_OBJC_IMPLICIT_RETAIN_SELF = YES;
				CLANG_WARN_OBJC_LITERAL_CONVERSION = YES;
				CLANG_WARN_OBJC_ROOT_CLASS = YES_ERROR;
				CLANG_WARN_QUOTED_INCLUDE_IN_FRAMEWORK_HEADER = YES;
				CLANG_WARN_RANGE_LOOP_ANALYSIS = YES;
				CLANG_WARN_STRICT_PROTOTYPES = YES;
				CLANG_WARN_SUSPICIOUS_MOVE = YES;
				CLANG_WARN_UNGUARDED_AVAILABILITY = YES_AGGRESSIVE;
				CLANG_WARN_UNREACHABLE_CODE = YES;
				CLANG_WARN__DUPLICATE_METHOD_MATCH = YES;
				COPY_PHASE_STRIP = NO;
				DEBUG_INFORMATION_FORMAT = dwarf;
				ENABLE_STRICT_OBJC_MSGSEND = YES;
				ENABLE_TESTABILITY = YES;
				GCC_C_LANGUAGE_STANDARD = gnu11;
				GCC_DYNAMIC_NO_PIC = NO;
				GCC_NO_COMMON_BLOCKS = YES;
				GCC_OPTIMIZATION_LEVEL = 0;
				GCC_PREPROCESSOR_DEFINITIONS = (
					"DEBUG=1",
					"$(inherited)",
				);
				GCC_WARN_64_TO_32_BIT_CONVERSION = YES;
				GCC_WARN_ABOUT_RETURN_TYPE = YES_ERROR;
				GCC_WARN_UNDECLARED_SELECTOR = YES;
				GCC_WARN_UNINITIALIZED_AUTOS = YES_AGGRESSIVE;
				GCC_WARN_UNUSED_FUNCTION = YES;
				GCC_WARN_UNUSED_VARIABLE = YES;
				IPHONEOS_DEPLOYMENT_TARGET = 14.5;
				MTL_ENABLE_DEBUG_INFO = INCLUDE_SOURCE;
				MTL_FAST_MATH = YES;
				ONLY_ACTIVE_ARCH = YES;
				SDKROOT = iphoneos;
				SWIFT_ACTIVE_COMPILATION_CONDITIONS = DEBUG;
				SWIFT_OPTIMIZATION_LEVEL = "-Onone";
			};
			name = Debug;
		};
		BEF9C16526D7B396008E2335 /* Release */ = {
			isa = XCBuildConfiguration;
			buildSettings = {
				ALWAYS_SEARCH_USER_PATHS = NO;
				CLANG_ANALYZER_NONNULL = YES;
				CLANG_ANALYZER_NUMBER_OBJECT_CONVERSION = YES_AGGRESSIVE;
				CLANG_CXX_LANGUAGE_STANDARD = "gnu++14";
				CLANG_CXX_LIBRARY = "libc++";
				CLANG_ENABLE_MODULES = YES;
				CLANG_ENABLE_OBJC_ARC = YES;
				CLANG_ENABLE_OBJC_WEAK = YES;
				CLANG_WARN_BLOCK_CAPTURE_AUTORELEASING = YES;
				CLANG_WARN_BOOL_CONVERSION = YES;
				CLANG_WARN_COMMA = YES;
				CLANG_WARN_CONSTANT_CONVERSION = YES;
				CLANG_WARN_DEPRECATED_OBJC_IMPLEMENTATIONS = YES;
				CLANG_WARN_DIRECT_OBJC_ISA_USAGE = YES_ERROR;
				CLANG_WARN_DOCUMENTATION_COMMENTS = YES;
				CLANG_WARN_EMPTY_BODY = YES;
				CLANG_WARN_ENUM_CONVERSION = YES;
				CLANG_WARN_INFINITE_RECURSION = YES;
				CLANG_WARN_INT_CONVERSION = YES;
				CLANG_WARN_NON_LITERAL_NULL_CONVERSION = YES;
				CLANG_WARN_OBJC_IMPLICIT_RETAIN_SELF = YES;
				CLANG_WARN_OBJC_LITERAL_CONVERSION = YES;
				CLANG_WARN_OBJC_ROOT_CLASS = YES_ERROR;
				CLANG_WARN_QUOTED_INCLUDE_IN_FRAMEWORK_HEADER = YES;
				CLANG_WARN_RANGE_LOOP_ANALYSIS = YES;
				CLANG_WARN_STRICT_PROTOTYPES = YES;
				CLANG_WARN_SUSPICIOUS_MOVE = YES;
				CLANG_WARN_UNGUARDED_AVAILABILITY = YES_AGGRESSIVE;
				CLANG_WARN_UNREACHABLE_CODE = YES;
				CLANG_WARN__DUPLICATE_METHOD_MATCH = YES;
				COPY_PHASE_STRIP = NO;
				DEBUG_INFORMATION_FORMAT = "dwarf-with-dsym";
				ENABLE_NS_ASSERTIONS = NO;
				ENABLE_STRICT_OBJC_MSGSEND = YES;
				GCC_C_LANGUAGE_STANDARD = gnu11;
				GCC_NO_COMMON_BLOCKS = YES;
				GCC_WARN_64_TO_32_BIT_CONVERSION = YES;
				GCC_WARN_ABOUT_RETURN_TYPE = YES_ERROR;
				GCC_WARN_UNDECLARED_SELECTOR = YES;
				GCC_WARN_UNINITIALIZED_AUTOS = YES_AGGRESSIVE;
				GCC_WARN_UNUSED_FUNCTION = YES;
				GCC_WARN_UNUSED_VARIABLE = YES;
				IPHONEOS_DEPLOYMENT_TARGET = 14.5;
				MTL_ENABLE_DEBUG_INFO = NO;
				MTL_FAST_MATH = YES;
				SDKROOT = iphoneos;
				SWIFT_COMPILATION_MODE = wholemodule;
				SWIFT_OPTIMIZATION_LEVEL = "-O";
				VALIDATE_PRODUCT = YES;
			};
			name = Release;
		};
		BEF9C16726D7B396008E2335 /* Debug */ = {
			isa = XCBuildConfiguration;
			buildSettings = {
				ASSETCATALOG_COMPILER_APPICON_NAME = AppIcon;
				ASSETCATALOG_COMPILER_GLOBAL_ACCENT_COLOR_NAME = AccentColor;
				CODE_SIGN_STYLE = Automatic;
				DEVELOPMENT_TEAM = FM6Z59USKZ;
				INFOPLIST_FILE = MyNewsAppi/Info.plist;
				LD_RUNPATH_SEARCH_PATHS = (
					"$(inherited)",
					"@executable_path/Frameworks",
				);
				PRODUCT_BUNDLE_IDENTIFIER = Acc.MyNewsAppi;
				PRODUCT_NAME = "$(TARGET_NAME)";
				SWIFT_VERSION = 5.0;
				TARGETED_DEVICE_FAMILY = "1,2";
			};
			name = Debug;
		};
		BEF9C16826D7B396008E2335 /* Release */ = {
			isa = XCBuildConfiguration;
			buildSettings = {
				ASSETCATALOG_COMPILER_APPICON_NAME = AppIcon;
				ASSETCATALOG_COMPILER_GLOBAL_ACCENT_COLOR_NAME = AccentColor;
				CODE_SIGN_STYLE = Automatic;
				DEVELOPMENT_TEAM = FM6Z59USKZ;
				INFOPLIST_FILE = MyNewsAppi/Info.plist;
				LD_RUNPATH_SEARCH_PATHS = (
					"$(inherited)",
					"@executable_path/Frameworks",
				);
				PRODUCT_BUNDLE_IDENTIFIER = Acc.MyNewsAppi;
				PRODUCT_NAME = "$(TARGET_NAME)";
				SWIFT_VERSION = 5.0;
				TARGETED_DEVICE_FAMILY = "1,2";
			};
			name = Release;
		};
/* End XCBuildConfiguration section */

/* Begin XCConfigurationList section */
		BEF9C14A26D7B392008E2335 /* Build configuration list for PBXProject "MyNewsAppi" */ = {
			isa = XCConfigurationList;
			buildConfigurations = (
				BEF9C16426D7B396008E2335 /* Debug */,
				BEF9C16526D7B396008E2335 /* Release */,
			);
			defaultConfigurationIsVisible = 0;
			defaultConfigurationName = Release;
		};
		BEF9C16626D7B396008E2335 /* Build configuration list for PBXNativeTarget "MyNewsAppi" */ = {
			isa = XCConfigurationList;
			buildConfigurations = (
				BEF9C16726D7B396008E2335 /* Debug */,
				BEF9C16826D7B396008E2335 /* Release */,
			);
			defaultConfigurationIsVisible = 0;
			defaultConfigurationName = Release;
		};
/* End XCConfigurationList section */

/* Begin XCRemoteSwiftPackageReference section */
		BEF9C16F26D7B50B008E2335 /* XCRemoteSwiftPackageReference "Gloss" */ = {
			isa = XCRemoteSwiftPackageReference;
			repositoryURL = "https://github.com/hkellaway/Gloss.git";
			requirement = {
				kind = upToNextMajorVersion;
				minimumVersion = 3.2.1;
			};
		};
/* End XCRemoteSwiftPackageReference section */

/* Begin XCSwiftPackageProductDependency section */
		BEF9C17026D7B50B008E2335 /* Gloss */ = {
			isa = XCSwiftPackageProductDependency;
			package = BEF9C16F26D7B50B008E2335 /* XCRemoteSwiftPackageReference "Gloss" */;
			productName = Gloss;
		};
/* End XCSwiftPackageProductDependency section */

/* Begin XCVersionGroup section */
		BEF9C15B26D7B392008E2335 /* MyNewsAppi.xcdatamodeld */ = {
			isa = XCVersionGroup;
			children = (
				BEF9C15C26D7B392008E2335 /* MyNewsAppi.xcdatamodel */,
			);
			currentVersion = BEF9C15C26D7B392008E2335 /* MyNewsAppi.xcdatamodel */;
			path = MyNewsAppi.xcdatamodeld;
			sourceTree = "<group>";
			versionGroupType = wrapper.xcdatamodel;
		};
/* End XCVersionGroup section */
	};
	rootObject = BEF9C14726D7B392008E2335 /* Project object */;
}
